{
  "pins" : [
    {
      "identity" : "hsvcolorpicker",
      "kind" : "remoteSourceControl",
      "location" : "https://github.com/thmmhsn/HSVColorPicker.git",
      "state" : {
        "branch" : "main",
        "revision" : "0cc9fc9cff68edd231c4318139e8ac4de30ebeb5"
      }
    }
  ],
  "version" : 2
}
